{
  "name": "@fabricio-costa/pi-scrooge",
  "version": "0.1.0",
  "lockfileVersion": 3,
  "requires": true,
  "packages": {
    "": {
      "name": "@fabricio-costa/pi-scrooge",
      "version": "0.1.0",
      "hasInstallScript": true,
      "license": "MIT",
      "dependencies": {
        "@sinclair/typebox": "^0.34.0",
        "scrooge": "file:../../"
      },
      "engines": {
        "node": ">=20.0.0"
      }
    },
    "../..": {
      "version": "0.1.0",
      "dependencies": {
        "@modelcontextprotocol/sdk": "^1.12.0",
        "@xenova/transformers": "^2.17.0",
        "better-sqlite3": "^11.7.0",
        "sqlite-vec": "^0.1.6",
        "tree-sitter": "^0.21.1",
        "tree-sitter-dart": "github:UserNobody14/tree-sitter-dart#c1222f5",
        "tree-sitter-kotlin": "^0.3.8",
        "tree-sitter-typescript": "^0.23.2",
        "zod": "^3.24.0"
      },
      "bin": {
        "scrooge": "dist/index.js"
      },
      "devDependencies": {
        "@types/better-sqlite3": "^7.6.12",
        "@types/node": "^22.10.0",
        "@typescript-eslint/eslint-plugin": "^8.56.1",
        "@typescript-eslint/parser": "^8.56.1",
        "eslint": "^10.0.1",
        "tsx": "^4.19.0",
        "typescript": "^5.7.0",
        "typescript-eslint": "^8.56.1",
        "vitest": "^4.0.18"
      },
      "engines": {
        "node": ">=20.0.0"
      }
    },
    "node_modules/@sinclair/typebox": {
      "version": "0.34.48",
      "resolved": "https://registry.npmjs.org/@sinclair/typebox/-/typebox-0.34.48.tgz",
      "integrity": "sha512-kKJTNuK3AQOrgjjotVxMrCn1sUJwM76wMszfq1kdU4uYVJjvEWuFQ6HgvLt4Xz3fSmZlTOxJ/Ie13KnIcWQXFA==",
      "license": "MIT"
    },
    "node_modules/scrooge": {
      "resolved": "../..",
      "link": true
    }
  }
}
